
Microsoft Visual Studio Solution File, Format Version 12.00
# Visual Studio Version 17
VisualStudioVersion = 17.5.33414.496
MinimumVisualStudioVersion = 10.0.40219.1
Project("{9A19103F-16F7-4668-BE54-9A1E7A4F7556}") = "WebAPIPessoa", "WebAPIPessoa.csproj", "{1AB512AC-5501-4065-B2E2-DD87C6B805B0}"
EndProject
Project("{2150E333-8FDC-42A3-9474-1A3956D46DE8}") = "Solution Items", "Solution Items", "{C0432A2E-32B9-4F84-B958-2C1BB15EADF8}"
	ProjectSection(SolutionItems) = preProject
		.editorconfig = .editorconfig
	EndProjectSection
EndProject
Project("{9A19103F-16F7-4668-BE54-9A1E7A4F7556}") = "WebAPIPessoa.Application", "..\WebAPIPessoa.Application\WebAPIPessoa.Application.csproj", "{9EC6B274-49E3-4528-A94D-09A0BA7B95C4}"
EndProject
Project("{FAE04EC0-301F-11D3-BF4B-00C04F79EFBC}") = "WebAPIPessoa.Repository", "..\WebAPIPessoa.Repository\WebAPIPessoa.Repository.csproj", "{262E16BB-97DC-4853-9AB7-B8B65A23AFDC}"
EndProject
Global
	GlobalSection(SolutionConfigurationPlatforms) = preSolution
		Debug|Any CPU = Debug|Any CPU
		Release|Any CPU = Release|Any CPU
	EndGlobalSection
	GlobalSection(ProjectConfigurationPlatforms) = postSolution
		{1AB512AC-5501-4065-B2E2-DD87C6B805B0}.Debug|Any CPU.ActiveCfg = Debug|Any CPU
		{1AB512AC-5501-4065-B2E2-DD87C6B805B0}.Debug|Any CPU.Build.0 = Debug|Any CPU
		{1AB512AC-5501-4065-B2E2-DD87C6B805B0}.Release|Any CPU.ActiveCfg = Release|Any CPU
		{1AB512AC-5501-4065-B2E2-DD87C6B805B0}.Release|Any CPU.Build.0 = Release|Any CPU
		{9EC6B274-49E3-4528-A94D-09A0BA7B95C4}.Debug|Any CPU.ActiveCfg = Debug|Any CPU
		{9EC6B274-49E3-4528-A94D-09A0BA7B95C4}.Debug|Any CPU.Build.0 = Debug|Any CPU
		{9EC6B274-49E3-4528-A94D-09A0BA7B95C4}.Release|Any CPU.ActiveCfg = Release|Any CPU
		{9EC6B274-49E3-4528-A94D-09A0BA7B95C4}.Release|Any CPU.Build.0 = Release|Any CPU
		{262E16BB-97DC-4853-9AB7-B8B65A23AFDC}.Debug|Any CPU.ActiveCfg = Debug|Any CPU
		{262E16BB-97DC-4853-9AB7-B8B65A23AFDC}.Debug|Any CPU.Build.0 = Debug|Any CPU
		{262E16BB-97DC-4853-9AB7-B8B65A23AFDC}.Release|Any CPU.ActiveCfg = Release|Any CPU
		{262E16BB-97DC-4853-9AB7-B8B65A23AFDC}.Release|Any CPU.Build.0 = Release|Any CPU
	EndGlobalSection
	GlobalSection(SolutionProperties) = preSolution
		HideSolutionNode = FALSE
	EndGlobalSection
	GlobalSection(ExtensibilityGlobals) = postSolution
		SolutionGuid = {4460FF9C-C89E-4ACA-ACD1-88A10ED7E4A9}
	EndGlobalSection
EndGlobal
